{"version":4,"terraform_version":"1.9.0","serial":8,"lineage":"393799f1-be8b-c00a-bfc0-a38de2543196","outputs":{"policy_id":{"value":"d4300a51-00cd-4e53-a6f4-a4350d446ac8","type":"string"}},"resources":[{"mode":"managed","type":"azuread_conditional_access_policy","name":"country","provider":"provider[\"registry.opentofu.org/hashicorp/azuread\"]","instances":[{"schema_version":0,"attributes":{"conditions":[{"applications":[{"excluded_applications":[],"included_applications":["All"],"included_user_actions":null}],"client_app_types":["all"],"client_applications":[],"devices":[],"locations":[{"excluded_locations":null,"included_locations":["All"]}],"platforms":[],"service_principal_risk_levels":[],"sign_in_risk_levels":[],"user_risk_levels":[],"users":[{"excluded_groups":[],"excluded_guests_or_external_users":[],"excluded_roles":[],"excluded_users":[],"included_groups":[],"included_guests_or_external_users":[],"included_roles":[],"included_users":["All"]}]}],"display_name":"OLD-GLG Allowed Country Policy","grant_controls":[{"authentication_strength_policy_id":"","built_in_controls":["mfa"],"custom_authentication_factors":[],"operator":"OR","terms_of_use":[]}],"id":"d4300a51-00cd-4e53-a6f4-a4350d446ac8","session_controls":[],"state":"enabledForReportingButNotEnforced","timeouts":null},"sensitive_attributes":[],"private":"eyJlMmJmYjczMC1lY2FhLTExZTYtOGY4OC0zNDM2M2JjN2M0YzAiOnsiY3JlYXRlIjozMDAwMDAwMDAwMDAsImRlbGV0ZSI6MzAwMDAwMDAwMDAwLCJyZWFkIjozMDAwMDAwMDAwMDAsInVwZGF0ZSI6OTAwMDAwMDAwMDAwfX0="}]}],"check_results":null}
